
Microsoft Visual Studio Solution File, Format Version 12.00
# Visual Studio Version 17
VisualStudioVersion = 17.3.32811.315
MinimumVisualStudioVersion = 10.0.40219.1
Project("{9A19103F-16F7-4668-BE54-9A1E7A4F7556}") = "BlazorDevtools", "BlazorDevtools\BlazorDevtools.csproj", "{2B7D6466-ADD5-42DE-B87B-40C52D5F7CCD}"
EndProject
Project("{FAE04EC0-301F-11D3-BF4B-00C04F79EFBC}") = "BlazorDevtools.Tasks", "BlazorDevtools.Tasks\BlazorDevtools.Tasks.csproj", "{BD9459F9-7670-46D3-8F29-B5C27C97E193}"
EndProject
Project("{2150E333-8FDC-42A3-9474-1A3956D46DE8}") = "Scripts", "Scripts", "{361EDD45-0B50-46E5-AD92-A57EE9F0921D}"
	ProjectSection(SolutionItems) = preProject
		Scripts\build.ps1 = Scripts\build.ps1
	EndProjectSection
EndProject
Global
	GlobalSection(SolutionConfigurationPlatforms) = preSolution
		Debug|Any CPU = Debug|Any CPU
		Release|Any CPU = Release|Any CPU
	EndGlobalSection
	GlobalSection(ProjectConfigurationPlatforms) = postSolution
		{2B7D6466-ADD5-42DE-B87B-40C52D5F7CCD}.Debug|Any CPU.ActiveCfg = Debug|Any CPU
		{2B7D6466-ADD5-42DE-B87B-40C52D5F7CCD}.Debug|Any CPU.Build.0 = Debug|Any CPU
		{2B7D6466-ADD5-42DE-B87B-40C52D5F7CCD}.Release|Any CPU.ActiveCfg = Release|Any CPU
		{2B7D6466-ADD5-42DE-B87B-40C52D5F7CCD}.Release|Any CPU.Build.0 = Release|Any CPU
		{BD9459F9-7670-46D3-8F29-B5C27C97E193}.Debug|Any CPU.ActiveCfg = Debug|Any CPU
		{BD9459F9-7670-46D3-8F29-B5C27C97E193}.Debug|Any CPU.Build.0 = Debug|Any CPU
		{BD9459F9-7670-46D3-8F29-B5C27C97E193}.Release|Any CPU.ActiveCfg = Release|Any CPU
		{BD9459F9-7670-46D3-8F29-B5C27C97E193}.Release|Any CPU.Build.0 = Release|Any CPU
	EndGlobalSection
	GlobalSection(SolutionProperties) = preSolution
		HideSolutionNode = FALSE
	EndGlobalSection
	GlobalSection(ExtensibilityGlobals) = postSolution
		SolutionGuid = {7A177D5E-611A-48B3-A81B-A7700283BC7D}
	EndGlobalSection
EndGlobal
